
Microsoft Visual Studio Solution File, Format Version 12.00
# Visual Studio Version 16
VisualStudioVersion = 16.0.30804.86
MinimumVisualStudioVersion = 10.0.40219.1
Project("{9092AA53-FB77-4645-B42D-1CCCA6BD08BD}") = "questionnaire", "questionnaire\questionnaire.njsproj", "{562ED48E-E7A1-4EF0-883E-E13B9AEF450F}"
EndProject
Global
	GlobalSection(SolutionConfigurationPlatforms) = preSolution
		Debug|Any CPU = Debug|Any CPU
		Release|Any CPU = Release|Any CPU
	EndGlobalSection
	GlobalSection(ProjectConfigurationPlatforms) = postSolution
		{562ED48E-E7A1-4EF0-883E-E13B9AEF450F}.Debug|Any CPU.ActiveCfg = Debug|Any CPU
		{562ED48E-E7A1-4EF0-883E-E13B9AEF450F}.Debug|Any CPU.Build.0 = Debug|Any CPU
		{562ED48E-E7A1-4EF0-883E-E13B9AEF450F}.Release|Any CPU.ActiveCfg = Release|Any CPU
		{562ED48E-E7A1-4EF0-883E-E13B9AEF450F}.Release|Any CPU.Build.0 = Release|Any CPU
	EndGlobalSection
	GlobalSection(SolutionProperties) = preSolution
		HideSolutionNode = FALSE
	EndGlobalSection
	GlobalSection(ExtensibilityGlobals) = postSolution
		SolutionGuid = {35A529CD-4844-47E8-80F0-36A2208AA01C}
	EndGlobalSection
EndGlobal
